
Microsoft Visual Studio Solution File, Format Version 12.00
# Visual Studio Version 17
VisualStudioVersion = 17.8.34330.188
MinimumVisualStudioVersion = 10.0.40219.1
Project("{8BC9CEB8-8B4A-11D0-8D11-00A0C91BC942}") = "Day1", "Day1\Day1.vcxproj", "{37F9759E-9E82-42BB-BCA2-485BE36B1852}"
EndProject
Project("{8BC9CEB8-8B4A-11D0-8D11-00A0C91BC942}") = "Day2", "Day2\Day2.vcxproj", "{39D48FB1-BEC0-4E2C-93C6-C5512074D440}"
EndProject
Project("{8BC9CEB8-8B4A-11D0-8D11-00A0C91BC942}") = "Day3", "Day3\Day3.vcxproj", "{A2EB39CB-1606-4BF8-8F55-5D063381AF3A}"
EndProject
Project("{8BC9CEB8-8B4A-11D0-8D11-00A0C91BC942}") = "Day4", "Day4\Day4.vcxproj", "{4D8663B6-4AAD-47ED-B75C-B876BDB91F2F}"
EndProject
Project("{8BC9CEB8-8B4A-11D0-8D11-00A0C91BC942}") = "Day5", "Day5\Day5.vcxproj", "{8C18B128-119E-4F42-B142-00FFF3F6F34C}"
EndProject
Project("{8BC9CEB8-8B4A-11D0-8D11-00A0C91BC942}") = "Day6", "Day6\Day6.vcxproj", "{9B63D84B-B4E3-4CF4-A89E-259296A0D40F}"
EndProject
Project("{8BC9CEB8-8B4A-11D0-8D11-00A0C91BC942}") = "Day7", "Day7\Day7.vcxproj", "{C8CC6CDD-7152-4980-BC90-8FC4139684E5}"
EndProject
Global
	GlobalSection(SolutionConfigurationPlatforms) = preSolution
		Debug|x64 = Debug|x64
		Debug|x86 = Debug|x86
		Release|x64 = Release|x64
		Release|x86 = Release|x86
	EndGlobalSection
	GlobalSection(ProjectConfigurationPlatforms) = postSolution
		{37F9759E-9E82-42BB-BCA2-485BE36B1852}.Debug|x64.ActiveCfg = Debug|x64
		{37F9759E-9E82-42BB-BCA2-485BE36B1852}.Debug|x64.Build.0 = Debug|x64
		{37F9759E-9E82-42BB-BCA2-485BE36B1852}.Debug|x86.ActiveCfg = Debug|Win32
		{37F9759E-9E82-42BB-BCA2-485BE36B1852}.Debug|x86.Build.0 = Debug|Win32
		{37F9759E-9E82-42BB-BCA2-485BE36B1852}.Release|x64.ActiveCfg = Release|x64
		{37F9759E-9E82-42BB-BCA2-485BE36B1852}.Release|x64.Build.0 = Release|x64
		{37F9759E-9E82-42BB-BCA2-485BE36B1852}.Release|x86.ActiveCfg = Release|Win32
		{37F9759E-9E82-42BB-BCA2-485BE36B1852}.Release|x86.Build.0 = Release|Win32
		{39D48FB1-BEC0-4E2C-93C6-C5512074D440}.Debug|x64.ActiveCfg = Debug|x64
		{39D48FB1-BEC0-4E2C-93C6-C5512074D440}.Debug|x64.Build.0 = Debug|x64
		{39D48FB1-BEC0-4E2C-93C6-C5512074D440}.Debug|x86.ActiveCfg = Debug|Win32
		{39D48FB1-BEC0-4E2C-93C6-C5512074D440}.Debug|x86.Build.0 = Debug|Win32
		{39D48FB1-BEC0-4E2C-93C6-C5512074D440}.Release|x64.ActiveCfg = Release|x64
		{39D48FB1-BEC0-4E2C-93C6-C5512074D440}.Release|x64.Build.0 = Release|x64
		{39D48FB1-BEC0-4E2C-93C6-C5512074D440}.Release|x86.ActiveCfg = Release|Win32
		{39D48FB1-BEC0-4E2C-93C6-C5512074D440}.Release|x86.Build.0 = Release|Win32
		{A2EB39CB-1606-4BF8-8F55-5D063381AF3A}.Debug|x64.ActiveCfg = Debug|x64
		{A2EB39CB-1606-4BF8-8F55-5D063381AF3A}.Debug|x64.Build.0 = Debug|x64
		{A2EB39CB-1606-4BF8-8F55-5D063381AF3A}.Debug|x86.ActiveCfg = Debug|Win32
		{A2EB39CB-1606-4BF8-8F55-5D063381AF3A}.Debug|x86.Build.0 = Debug|Win32
		{A2EB39CB-1606-4BF8-8F55-5D063381AF3A}.Release|x64.ActiveCfg = Release|x64
		{A2EB39CB-1606-4BF8-8F55-5D063381AF3A}.Release|x64.Build.0 = Release|x64
		{A2EB39CB-1606-4BF8-8F55-5D063381AF3A}.Release|x86.ActiveCfg = Release|Win32
		{A2EB39CB-1606-4BF8-8F55-5D063381AF3A}.Release|x86.Build.0 = Release|Win32
		{4D8663B6-4AAD-47ED-B75C-B876BDB91F2F}.Debug|x64.ActiveCfg = Debug|x64
		{4D8663B6-4AAD-47ED-B75C-B876BDB91F2F}.Debug|x64.Build.0 = Debug|x64
		{4D8663B6-4AAD-47ED-B75C-B876BDB91F2F}.Debug|x86.ActiveCfg = Debug|Win32
		{4D8663B6-4AAD-47ED-B75C-B876BDB91F2F}.Debug|x86.Build.0 = Debug|Win32
		{4D8663B6-4AAD-47ED-B75C-B876BDB91F2F}.Release|x64.ActiveCfg = Release|x64
		{4D8663B6-4AAD-47ED-B75C-B876BDB91F2F}.Release|x64.Build.0 = Release|x64
		{4D8663B6-4AAD-47ED-B75C-B876BDB91F2F}.Release|x86.ActiveCfg = Release|Win32
		{4D8663B6-4AAD-47ED-B75C-B876BDB91F2F}.Release|x86.Build.0 = Release|Win32
		{8C18B128-119E-4F42-B142-00FFF3F6F34C}.Debug|x64.ActiveCfg = Debug|x64
		{8C18B128-119E-4F42-B142-00FFF3F6F34C}.Debug|x64.Build.0 = Debug|x64
		{8C18B128-119E-4F42-B142-00FFF3F6F34C}.Debug|x86.ActiveCfg = Debug|Win32
		{8C18B128-119E-4F42-B142-00FFF3F6F34C}.Debug|x86.Build.0 = Debug|Win32
		{8C18B128-119E-4F42-B142-00FFF3F6F34C}.Release|x64.ActiveCfg = Release|x64
		{8C18B128-119E-4F42-B142-00FFF3F6F34C}.Release|x64.Build.0 = Release|x64
		{8C18B128-119E-4F42-B142-00FFF3F6F34C}.Release|x86.ActiveCfg = Release|Win32
		{8C18B128-119E-4F42-B142-00FFF3F6F34C}.Release|x86.Build.0 = Release|Win32
		{9B63D84B-B4E3-4CF4-A89E-259296A0D40F}.Debug|x64.ActiveCfg = Debug|x64
		{9B63D84B-B4E3-4CF4-A89E-259296A0D40F}.Debug|x64.Build.0 = Debug|x64
		{9B63D84B-B4E3-4CF4-A89E-259296A0D40F}.Debug|x86.ActiveCfg = Debug|Win32
		{9B63D84B-B4E3-4CF4-A89E-259296A0D40F}.Debug|x86.Build.0 = Debug|Win32
		{9B63D84B-B4E3-4CF4-A89E-259296A0D40F}.Release|x64.ActiveCfg = Release|x64
		{9B63D84B-B4E3-4CF4-A89E-259296A0D40F}.Release|x64.Build.0 = Release|x64
		{9B63D84B-B4E3-4CF4-A89E-259296A0D40F}.Release|x86.ActiveCfg = Release|Win32
		{9B63D84B-B4E3-4CF4-A89E-259296A0D40F}.Release|x86.Build.0 = Release|Win32
		{C8CC6CDD-7152-4980-BC90-8FC4139684E5}.Debug|x64.ActiveCfg = Debug|x64
		{C8CC6CDD-7152-4980-BC90-8FC4139684E5}.Debug|x64.Build.0 = Debug|x64
		{C8CC6CDD-7152-4980-BC90-8FC4139684E5}.Debug|x86.ActiveCfg = Debug|Win32
		{C8CC6CDD-7152-4980-BC90-8FC4139684E5}.Debug|x86.Build.0 = Debug|Win32
		{C8CC6CDD-7152-4980-BC90-8FC4139684E5}.Release|x64.ActiveCfg = Release|x64
		{C8CC6CDD-7152-4980-BC90-8FC4139684E5}.Release|x64.Build.0 = Release|x64
		{C8CC6CDD-7152-4980-BC90-8FC4139684E5}.Release|x86.ActiveCfg = Release|Win32
		{C8CC6CDD-7152-4980-BC90-8FC4139684E5}.Release|x86.Build.0 = Release|Win32
	EndGlobalSection
	GlobalSection(SolutionProperties) = preSolution
		HideSolutionNode = FALSE
	EndGlobalSection
	GlobalSection(ExtensibilityGlobals) = postSolution
		SolutionGuid = {EBD08B99-D407-4688-AF11-C3A827BCE735}
	EndGlobalSection
EndGlobal
